
Microsoft Visual Studio Solution File, Format Version 11.00
# Visual Studio 2010
Project("{FAE04EC0-301F-11D3-BF4B-00C04F79EFBC}") = "Project_Osiris 1", "Assembly-CSharp.csproj", "{2019E566-8ECA-07B3-90B3-A00088E79FE9}"
EndProject
Project("{FAE04EC0-301F-11D3-BF4B-00C04F79EFBC}") = "Project_Osiris 1", "Assembly-CSharp-Editor.csproj", "{0909B457-47C3-4069-8490-B281C0839045}"
EndProject
Global
	GlobalSection(SolutionConfigurationPlatforms) = preSolution
		Debug|Any CPU = Debug|Any CPU
		Release|Any CPU = Release|Any CPU
	EndGlobalSection
	GlobalSection(ProjectConfigurationPlatforms) = postSolution
		{2019E566-8ECA-07B3-90B3-A00088E79FE9}.Debug|Any CPU.ActiveCfg = Debug|Any CPU
		{2019E566-8ECA-07B3-90B3-A00088E79FE9}.Debug|Any CPU.Build.0 = Debug|Any CPU
		{2019E566-8ECA-07B3-90B3-A00088E79FE9}.Release|Any CPU.ActiveCfg = Release|Any CPU
		{2019E566-8ECA-07B3-90B3-A00088E79FE9}.Release|Any CPU.Build.0 = Release|Any CPU
		{0909B457-47C3-4069-8490-B281C0839045}.Debug|Any CPU.ActiveCfg = Debug|Any CPU
		{0909B457-47C3-4069-8490-B281C0839045}.Debug|Any CPU.Build.0 = Debug|Any CPU
		{0909B457-47C3-4069-8490-B281C0839045}.Release|Any CPU.ActiveCfg = Release|Any CPU
		{0909B457-47C3-4069-8490-B281C0839045}.Release|Any CPU.Build.0 = Release|Any CPU
	EndGlobalSection
	GlobalSection(SolutionProperties) = preSolution
		HideSolutionNode = FALSE
	EndGlobalSection
	GlobalSection(MonoDevelopProperties) = preSolution
		StartupItem = Assembly-CSharp.csproj
	EndGlobalSection
EndGlobal
